// !$*UTF8*$!
{
	archiveVersion = 1;
	classes = {
	};
	objectVersion = 50;
	objects = {

/* Begin PBXBuildFile section */
		65FD07323E4E10F065FA3206 /* Pods_Stickeroid.framework in Frameworks */ = {isa = PBXBuildFile; fileRef = 11B3FA84A4499927F79D23B8 /* Pods_Stickeroid.framework */; };
		752B1404214AE80700214CC5 /* Assets.xcassets in Resources */ = {isa = PBXBuildFile; fileRef = 752B1403214AE80700214CC5 /* Assets.xcassets */; };
		752B140B214AE80700214CC5 /* Stickeroid MessagesExtension.appex in Embed App Extensions */ = {isa = PBXBuildFile; fileRef = 752B140A214AE80700214CC5 /* Stickeroid MessagesExtension.appex */; settings = {ATTRIBUTES = (RemoveHeadersOnCopy, ); }; };
		752B1410214AE80700214CC5 /* Messages.framework in Frameworks */ = {isa = PBXBuildFile; fileRef = 752B140F214AE80700214CC5 /* Messages.framework */; };
		752B1413214AE80700214CC5 /* MessagesViewController.swift in Sources */ = {isa = PBXBuildFile; fileRef = 752B1412214AE80700214CC5 /* MessagesViewController.swift */; };
		752B1416214AE80700214CC5 /* MainInterface.storyboard in Resources */ = {isa = PBXBuildFile; fileRef = 752B1414214AE80700214CC5 /* MainInterface.storyboard */; };
		752B1425214AEF4300214CC5 /* Request.swift in Sources */ = {isa = PBXBuildFile; fileRef = 752B1423214AEF4300214CC5 /* Request.swift */; };
		752B1426214AEF4300214CC5 /* RequestConstants.swift in Sources */ = {isa = PBXBuildFile; fileRef = 752B1424214AEF4300214CC5 /* RequestConstants.swift */; };
		758ED71B216E791400AD63FF /* ExtensionAssets.xcassets in Resources */ = {isa = PBXBuildFile; fileRef = 758ED71A216E791400AD63FF /* ExtensionAssets.xcassets */; };
		75E379F3214EA90D009FD00A /* MessagesViewController+UICollectionViewDataSource.swift in Sources */ = {isa = PBXBuildFile; fileRef = 75E379F2214EA90D009FD00A /* MessagesViewController+UICollectionViewDataSource.swift */; };
		75E379F5214EA936009FD00A /* Constants.swift in Sources */ = {isa = PBXBuildFile; fileRef = 75E379F4214EA936009FD00A /* Constants.swift */; };
		75E379F9214EA9A0009FD00A /* MessagesViewController+UICollectionViewDelegate.swift in Sources */ = {isa = PBXBuildFile; fileRef = 75E379F8214EA9A0009FD00A /* MessagesViewController+UICollectionViewDelegate.swift */; };
		75E379FC214EAB56009FD00A /* StickerCell.xib in Resources */ = {isa = PBXBuildFile; fileRef = 75E379FB214EAB56009FD00A /* StickerCell.xib */; };
		75E379FE214EAB5C009FD00A /* StickerCell.swift in Sources */ = {isa = PBXBuildFile; fileRef = 75E379FD214EAB5C009FD00A /* StickerCell.swift */; };
		75E37A01214EC161009FD00A /* stickeroid_logo.png in Resources */ = {isa = PBXBuildFile; fileRef = 75E37A00214EC161009FD00A /* stickeroid_logo.png */; };
		D10FA3E7666785BAE40DEE3E /* Pods_Stickeroid_MessagesExtension.framework in Frameworks */ = {isa = PBXBuildFile; fileRef = DAF661CC40D63DE5FD4DC178 /* Pods_Stickeroid_MessagesExtension.framework */; };
/* End PBXBuildFile section */

/* Begin PBXContainerItemProxy section */
		752B140C214AE80700214CC5 /* PBXContainerItemProxy */ = {
			isa = PBXContainerItemProxy;
			containerPortal = 752B13FA214AE80600214CC5 /* Project object */;
			proxyType = 1;
			remoteGlobalIDString = 752B1409214AE80700214CC5;
			remoteInfo = "Stickeroid MessagesExtension";
		};
/* End PBXContainerItemProxy section */

/* Begin PBXCopyFilesBuildPhase section */
		752B141F214AE80800214CC5 /* Embed App Extensions */ = {
			isa = PBXCopyFilesBuildPhase;
			buildActionMask = 2147483647;
			dstPath = "";
			dstSubfolderSpec = 13;
			files = (
				752B140B214AE80700214CC5 /* Stickeroid MessagesExtension.appex in Embed App Extensions */,
			);
			name = "Embed App Extensions";
			runOnlyForDeploymentPostprocessing = 0;
		};
/* End PBXCopyFilesBuildPhase section */

/* Begin PBXFileReference section */
		11B3FA84A4499927F79D23B8 /* Pods_Stickeroid.framework */ = {isa = PBXFileReference; explicitFileType = wrapper.framework; includeInIndex = 0; path = Pods_Stickeroid.framework; sourceTree = BUILT_PRODUCTS_DIR; };
		13AF64177CB716C951C7B910 /* Pods-Stickeroid MessagesExtension.debug.xcconfig */ = {isa = PBXFileReference; includeInIndex = 1; lastKnownFileType = text.xcconfig; name = "Pods-Stickeroid MessagesExtension.debug.xcconfig"; path = "Pods/Target Support Files/Pods-Stickeroid MessagesExtension/Pods-Stickeroid MessagesExtension.debug.xcconfig"; sourceTree = "<group>"; };
		548D6858259B5F9D99955FA0 /* Pods-Stickeroid.debug.xcconfig */ = {isa = PBXFileReference; includeInIndex = 1; lastKnownFileType = text.xcconfig; name = "Pods-Stickeroid.debug.xcconfig"; path = "Pods/Target Support Files/Pods-Stickeroid/Pods-Stickeroid.debug.xcconfig"; sourceTree = "<group>"; };
		752B1400214AE80600214CC5 /* Stickeroid.app */ = {isa = PBXFileReference; explicitFileType = wrapper.application; includeInIndex = 0; path = Stickeroid.app; sourceTree = BUILT_PRODUCTS_DIR; };
		752B1403214AE80700214CC5 /* Assets.xcassets */ = {isa = PBXFileReference; lastKnownFileType = folder.assetcatalog; path = Assets.xcassets; sourceTree = "<group>"; };
		752B1405214AE80700214CC5 /* Info.plist */ = {isa = PBXFileReference; lastKnownFileType = text.plist.xml; path = Info.plist; sourceTree = "<group>"; };
		752B140A214AE80700214CC5 /* Stickeroid MessagesExtension.appex */ = {isa = PBXFileReference; explicitFileType = "wrapper.app-extension"; includeInIndex = 0; path = "Stickeroid MessagesExtension.appex"; sourceTree = BUILT_PRODUCTS_DIR; };
		752B140F214AE80700214CC5 /* Messages.framework */ = {isa = PBXFileReference; lastKnownFileType = wrapper.framework; name = Messages.framework; path = System/Library/Frameworks/Messages.framework; sourceTree = SDKROOT; };
		752B1412214AE80700214CC5 /* MessagesViewController.swift */ = {isa = PBXFileReference; lastKnownFileType = sourcecode.swift; path = MessagesViewController.swift; sourceTree = "<group>"; };
		752B1415214AE80700214CC5 /* Base */ = {isa = PBXFileReference; lastKnownFileType = file.storyboard; name = Base; path = Base.lproj/MainInterface.storyboard; sourceTree = "<group>"; };
		752B1419214AE80800214CC5 /* Info.plist */ = {isa = PBXFileReference; lastKnownFileType = text.plist.xml; path = Info.plist; sourceTree = "<group>"; };
		752B1423214AEF4300214CC5 /* Request.swift */ = {isa = PBXFileReference; fileEncoding = 4; lastKnownFileType = sourcecode.swift; path = Request.swift; sourceTree = "<group>"; };
		752B1424214AEF4300214CC5 /* RequestConstants.swift */ = {isa = PBXFileReference; fileEncoding = 4; lastKnownFileType = sourcecode.swift; path = RequestConstants.swift; sourceTree = "<group>"; };
		758ED71A216E791400AD63FF /* ExtensionAssets.xcassets */ = {isa = PBXFileReference; lastKnownFileType = folder.assetcatalog; path = ExtensionAssets.xcassets; sourceTree = "<group>"; };
		75E379F2214EA90D009FD00A /* MessagesViewController+UICollectionViewDataSource.swift */ = {isa = PBXFileReference; lastKnownFileType = sourcecode.swift; path = "MessagesViewController+UICollectionViewDataSource.swift"; sourceTree = "<group>"; };
		75E379F4214EA936009FD00A /* Constants.swift */ = {isa = PBXFileReference; lastKnownFileType = sourcecode.swift; path = Constants.swift; sourceTree = "<group>"; };
		75E379F8214EA9A0009FD00A /* MessagesViewController+UICollectionViewDelegate.swift */ = {isa = PBXFileReference; lastKnownFileType = sourcecode.swift; path = "MessagesViewController+UICollectionViewDelegate.swift"; sourceTree = "<group>"; };
		75E379FB214EAB56009FD00A /* StickerCell.xib */ = {isa = PBXFileReference; fileEncoding = 4; lastKnownFileType = file.xib; path = StickerCell.xib; sourceTree = "<group>"; };
		75E379FD214EAB5C009FD00A /* StickerCell.swift */ = {isa = PBXFileReference; fileEncoding = 4; lastKnownFileType = sourcecode.swift; path = StickerCell.swift; sourceTree = "<group>"; };
		75E37A00214EC161009FD00A /* stickeroid_logo.png */ = {isa = PBXFileReference; lastKnownFileType = image.png; path = stickeroid_logo.png; sourceTree = "<group>"; };
		80B83A136238C0417A955F33 /* Pods-Stickeroid MessagesExtension.release.xcconfig */ = {isa = PBXFileReference; includeInIndex = 1; lastKnownFileType = text.xcconfig; name = "Pods-Stickeroid MessagesExtension.release.xcconfig"; path = "Pods/Target Support Files/Pods-Stickeroid MessagesExtension/Pods-Stickeroid MessagesExtension.release.xcconfig"; sourceTree = "<group>"; };
		DAF661CC40D63DE5FD4DC178 /* Pods_Stickeroid_MessagesExtension.framework */ = {isa = PBXFileReference; explicitFileType = wrapper.framework; includeInIndex = 0; path = Pods_Stickeroid_MessagesExtension.framework; sourceTree = BUILT_PRODUCTS_DIR; };
		F927222A48C46CA8A472EF1A /* Pods-Stickeroid.release.xcconfig */ = {isa = PBXFileReference; includeInIndex = 1; lastKnownFileType = text.xcconfig; name = "Pods-Stickeroid.release.xcconfig"; path = "Pods/Target Support Files/Pods-Stickeroid/Pods-Stickeroid.release.xcconfig"; sourceTree = "<group>"; };
/* End PBXFileReference section */

/* Begin PBXFrameworksBuildPhase section */
		6ECB57F1D9DCE22FF72F4CD6 /* Frameworks */ = {
			isa = PBXFrameworksBuildPhase;
			buildActionMask = 2147483647;
			files = (
				65FD07323E4E10F065FA3206 /* Pods_Stickeroid.framework in Frameworks */,
			);
			runOnlyForDeploymentPostprocessing = 0;
		};
		752B1407214AE80700214CC5 /* Frameworks */ = {
			isa = PBXFrameworksBuildPhase;
			buildActionMask = 2147483647;
			files = (
				752B1410214AE80700214CC5 /* Messages.framework in Frameworks */,
				D10FA3E7666785BAE40DEE3E /* Pods_Stickeroid_MessagesExtension.framework in Frameworks */,
			);
			runOnlyForDeploymentPostprocessing = 0;
		};
/* End PBXFrameworksBuildPhase section */

/* Begin PBXGroup section */
		752B13F9214AE80600214CC5 = {
			isa = PBXGroup;
			children = (
				752B1402214AE80600214CC5 /* Stickeroid */,
				752B1411214AE80700214CC5 /* Stickeroid MessagesExtension */,
				752B140E214AE80700214CC5 /* Frameworks */,
				752B1401214AE80600214CC5 /* Products */,
				8BC3BD5F2E7F1AD3C7353944 /* Pods */,
			);
			sourceTree = "<group>";
		};
		752B1401214AE80600214CC5 /* Products */ = {
			isa = PBXGroup;
			children = (
				752B1400214AE80600214CC5 /* Stickeroid.app */,
				752B140A214AE80700214CC5 /* Stickeroid MessagesExtension.appex */,
			);
			name = Products;
			sourceTree = "<group>";
		};
		752B1402214AE80600214CC5 /* Stickeroid */ = {
			isa = PBXGroup;
			children = (
				752B1403214AE80700214CC5 /* Assets.xcassets */,
				752B1405214AE80700214CC5 /* Info.plist */,
			);
			path = Stickeroid;
			sourceTree = "<group>";
		};
		752B140E214AE80700214CC5 /* Frameworks */ = {
			isa = PBXGroup;
			children = (
				752B140F214AE80700214CC5 /* Messages.framework */,
				11B3FA84A4499927F79D23B8 /* Pods_Stickeroid.framework */,
				DAF661CC40D63DE5FD4DC178 /* Pods_Stickeroid_MessagesExtension.framework */,
			);
			name = Frameworks;
			sourceTree = "<group>";
		};
		752B1411214AE80700214CC5 /* Stickeroid MessagesExtension */ = {
			isa = PBXGroup;
			children = (
				75E379FA214EAB39009FD00A /* View */,
				75E379F6214EA959009FD00A /* Contoller */,
				752B1427214AF70100214CC5 /* Model */,
				75E379FF214EC11A009FD00A /* Assets */,
				752B1414214AE80700214CC5 /* MainInterface.storyboard */,
				752B1419214AE80800214CC5 /* Info.plist */,
				75E379F4214EA936009FD00A /* Constants.swift */,
			);
			path = "Stickeroid MessagesExtension";
			sourceTree = "<group>";
		};
		752B1427214AF70100214CC5 /* Model */ = {
			isa = PBXGroup;
			children = (
				752B1423214AEF4300214CC5 /* Request.swift */,
				752B1424214AEF4300214CC5 /* RequestConstants.swift */,
			);
			path = Model;
			sourceTree = "<group>";
		};
		75E379F6214EA959009FD00A /* Contoller */ = {
			isa = PBXGroup;
			children = (
				752B1412214AE80700214CC5 /* MessagesViewController.swift */,
				75E379F2214EA90D009FD00A /* MessagesViewController+UICollectionViewDataSource.swift */,
				75E379F8214EA9A0009FD00A /* MessagesViewController+UICollectionViewDelegate.swift */,
			);
			path = Contoller;
			sourceTree = "<group>";
		};
		75E379FA214EAB39009FD00A /* View */ = {
			isa = PBXGroup;
			children = (
				75E379FD214EAB5C009FD00A /* StickerCell.swift */,
				75E379FB214EAB56009FD00A /* StickerCell.xib */,
			);
			path = View;
			sourceTree = "<group>";
		};
		75E379FF214EC11A009FD00A /* Assets */ = {
			isa = PBXGroup;
			children = (
				75E37A00214EC161009FD00A /* stickeroid_logo.png */,
				758ED71A216E791400AD63FF /* ExtensionAssets.xcassets */,
			);
			path = Assets;
			sourceTree = "<group>";
		};
		8BC3BD5F2E7F1AD3C7353944 /* Pods */ = {
			isa = PBXGroup;
			children = (
				548D6858259B5F9D99955FA0 /* Pods-Stickeroid.debug.xcconfig */,
				F927222A48C46CA8A472EF1A /* Pods-Stickeroid.release.xcconfig */,
				13AF64177CB716C951C7B910 /* Pods-Stickeroid MessagesExtension.debug.xcconfig */,
				80B83A136238C0417A955F33 /* Pods-Stickeroid MessagesExtension.release.xcconfig */,
			);
			name = Pods;
			sourceTree = "<group>";
		};
/* End PBXGroup section */

/* Begin PBXNativeTarget section */
		752B13FF214AE80600214CC5 /* Stickeroid */ = {
			isa = PBXNativeTarget;
			buildConfigurationList = 752B1420214AE80800214CC5 /* Build configuration list for PBXNativeTarget "Stickeroid" */;
			buildPhases = (
				A580A70FC07AAE9135E52B69 /* [CP] Check Pods Manifest.lock */,
				752B13FE214AE80600214CC5 /* Resources */,
				752B141F214AE80800214CC5 /* Embed App Extensions */,
				6ECB57F1D9DCE22FF72F4CD6 /* Frameworks */,
				F68B563B71354A0DB6D0DBD6 /* [CP] Embed Pods Frameworks */,
			);
			buildRules = (
			);
			dependencies = (
				752B140D214AE80700214CC5 /* PBXTargetDependency */,
			);
			name = Stickeroid;
			productName = Stickeroid;
			productReference = 752B1400214AE80600214CC5 /* Stickeroid.app */;
			productType = "com.apple.product-type.application.messages";
		};
		752B1409214AE80700214CC5 /* Stickeroid MessagesExtension */ = {
			isa = PBXNativeTarget;
			buildConfigurationList = 752B141C214AE80800214CC5 /* Build configuration list for PBXNativeTarget "Stickeroid MessagesExtension" */;
			buildPhases = (
				349301E5963E7F6EC1C98F19 /* [CP] Check Pods Manifest.lock */,
				752B1406214AE80700214CC5 /* Sources */,
				752B1407214AE80700214CC5 /* Frameworks */,
				752B1408214AE80700214CC5 /* Resources */,
			);
			buildRules = (
			);
			dependencies = (
			);
			name = "Stickeroid MessagesExtension";
			productName = "Stickeroid MessagesExtension";
			productReference = 752B140A214AE80700214CC5 /* Stickeroid MessagesExtension.appex */;
			productType = "com.apple.product-type.app-extension.messages";
		};
/* End PBXNativeTarget section */

/* Begin PBXProject section */
		752B13FA214AE80600214CC5 /* Project object */ = {
			isa = PBXProject;
			attributes = {
				LastSwiftUpdateCheck = 0940;
				LastUpgradeCheck = 0940;
				ORGANIZATIONNAME = "Vadym Sidorov";
				TargetAttributes = {
					752B13FF214AE80600214CC5 = {
						CreatedOnToolsVersion = 9.4.1;
					};
					752B1409214AE80700214CC5 = {
						CreatedOnToolsVersion = 9.4.1;
					};
				};
			};
			buildConfigurationList = 752B13FD214AE80600214CC5 /* Build configuration list for PBXProject "Stickeroid" */;
			compatibilityVersion = "Xcode 9.3";
			developmentRegion = en;
			hasScannedForEncodings = 0;
			knownRegions = (
				en,
				Base,
			);
			mainGroup = 752B13F9214AE80600214CC5;
			productRefGroup = 752B1401214AE80600214CC5 /* Products */;
			projectDirPath = "";
			projectRoot = "";
			targets = (
				752B13FF214AE80600214CC5 /* Stickeroid */,
				752B1409214AE80700214CC5 /* Stickeroid MessagesExtension */,
			);
		};
/* End PBXProject section */

/* Begin PBXResourcesBuildPhase section */
		752B13FE214AE80600214CC5 /* Resources */ = {
			isa = PBXResourcesBuildPhase;
			buildActionMask = 2147483647;
			files = (
				752B1404214AE80700214CC5 /* Assets.xcassets in Resources */,
			);
			runOnlyForDeploymentPostprocessing = 0;
		};
		752B1408214AE80700214CC5 /* Resources */ = {
			isa = PBXResourcesBuildPhase;
			buildActionMask = 2147483647;
			files = (
				758ED71B216E791400AD63FF /* ExtensionAssets.xcassets in Resources */,
				75E379FC214EAB56009FD00A /* StickerCell.xib in Resources */,
				752B1416214AE80700214CC5 /* MainInterface.storyboard in Resources */,
				75E37A01214EC161009FD00A /* stickeroid_logo.png in Resources */,
			);
			runOnlyForDeploymentPostprocessing = 0;
		};
/* End PBXResourcesBuildPhase section */

/* Begin PBXShellScriptBuildPhase section */
		349301E5963E7F6EC1C98F19 /* [CP] Check Pods Manifest.lock */ = {
			isa = PBXShellScriptBuildPhase;
			buildActionMask = 2147483647;
			files = (
			);
			inputPaths = (
				"${PODS_PODFILE_DIR_PATH}/Podfile.lock",
				"${PODS_ROOT}/Manifest.lock",
			);
			name = "[CP] Check Pods Manifest.lock";
			outputPaths = (
				"$(DERIVED_FILE_DIR)/Pods-Stickeroid MessagesExtension-checkManifestLockResult.txt",
			);
			runOnlyForDeploymentPostprocessing = 0;
			shellPath = /bin/sh;
			shellScript = "diff \"${PODS_PODFILE_DIR_PATH}/Podfile.lock\" \"${PODS_ROOT}/Manifest.lock\" > /dev/null\nif [ $? != 0 ] ; then\n    # print error to STDERR\n    echo \"error: The sandbox is not in sync with the Podfile.lock. Run 'pod install' or update your CocoaPods installation.\" >&2\n    exit 1\nfi\n# This output is used by Xcode 'outputs' to avoid re-running this script phase.\necho \"SUCCESS\" > \"${SCRIPT_OUTPUT_FILE_0}\"\n";
			showEnvVarsInLog = 0;
		};
		A580A70FC07AAE9135E52B69 /* [CP] Check Pods Manifest.lock */ = {
			isa = PBXShellScriptBuildPhase;
			buildActionMask = 2147483647;
			files = (
			);
			inputPaths = (
				"${PODS_PODFILE_DIR_PATH}/Podfile.lock",
				"${PODS_ROOT}/Manifest.lock",
			);
			name = "[CP] Check Pods Manifest.lock";
			outputPaths = (
				"$(DERIVED_FILE_DIR)/Pods-Stickeroid-checkManifestLockResult.txt",
			);
			runOnlyForDeploymentPostprocessing = 0;
			shellPath = /bin/sh;
			shellScript = "diff \"${PODS_PODFILE_DIR_PATH}/Podfile.lock\" \"${PODS_ROOT}/Manifest.lock\" > /dev/null\nif [ $? != 0 ] ; then\n    # print error to STDERR\n    echo \"error: The sandbox is not in sync with the Podfile.lock. Run 'pod install' or update your CocoaPods installation.\" >&2\n    exit 1\nfi\n# This output is used by Xcode 'outputs' to avoid re-running this script phase.\necho \"SUCCESS\" > \"${SCRIPT_OUTPUT_FILE_0}\"\n";
			showEnvVarsInLog = 0;
		};
		F68B563B71354A0DB6D0DBD6 /* [CP] Embed Pods Frameworks */ = {
			isa = PBXShellScriptBuildPhase;
			buildActionMask = 2147483647;
			files = (
			);
			inputPaths = (
				"${SRCROOT}/Pods/Target Support Files/Pods-Stickeroid/Pods-Stickeroid-frameworks.sh",
				"${BUILT_PRODUCTS_DIR}/SDWebImage/SDWebImage.framework",
			);
			name = "[CP] Embed Pods Frameworks";
			outputPaths = (
				"${TARGET_BUILD_DIR}/${FRAMEWORKS_FOLDER_PATH}/SDWebImage.framework",
			);
			runOnlyForDeploymentPostprocessing = 0;
			shellPath = /bin/sh;
			shellScript = "\"${SRCROOT}/Pods/Target Support Files/Pods-Stickeroid/Pods-Stickeroid-frameworks.sh\"\n";
			showEnvVarsInLog = 0;
		};
/* End PBXShellScriptBuildPhase section */

/* Begin PBXSourcesBuildPhase section */
		752B1406214AE80700214CC5 /* Sources */ = {
			isa = PBXSourcesBuildPhase;
			buildActionMask = 2147483647;
			files = (
				75E379F9214EA9A0009FD00A /* MessagesViewController+UICollectionViewDelegate.swift in Sources */,
				75E379F5214EA936009FD00A /* Constants.swift in Sources */,
				75E379F3214EA90D009FD00A /* MessagesViewController+UICollectionViewDataSource.swift in Sources */,
				752B1413214AE80700214CC5 /* MessagesViewController.swift in Sources */,
				752B1425214AEF4300214CC5 /* Request.swift in Sources */,
				75E379FE214EAB5C009FD00A /* StickerCell.swift in Sources */,
				752B1426214AEF4300214CC5 /* RequestConstants.swift in Sources */,
			);
			runOnlyForDeploymentPostprocessing = 0;
		};
/* End PBXSourcesBuildPhase section */

/* Begin PBXTargetDependency section */
		752B140D214AE80700214CC5 /* PBXTargetDependency */ = {
			isa = PBXTargetDependency;
			target = 752B1409214AE80700214CC5 /* Stickeroid MessagesExtension */;
			targetProxy = 752B140C214AE80700214CC5 /* PBXContainerItemProxy */;
		};
/* End PBXTargetDependency section */

/* Begin PBXVariantGroup section */
		752B1414214AE80700214CC5 /* MainInterface.storyboard */ = {
			isa = PBXVariantGroup;
			children = (
				752B1415214AE80700214CC5 /* Base */,
			);
			name = MainInterface.storyboard;
			sourceTree = "<group>";
		};
/* End PBXVariantGroup section */

/* Begin XCBuildConfiguration section */
		752B141A214AE80800214CC5 /* Debug */ = {
			isa = XCBuildConfiguration;
			buildSettings = {
				ALWAYS_SEARCH_USER_PATHS = NO;
				CLANG_ANALYZER_NONNULL = YES;
				CLANG_ANALYZER_NUMBER_OBJECT_CONVERSION = YES_AGGRESSIVE;
				CLANG_CXX_LANGUAGE_STANDARD = "gnu++14";
				CLANG_CXX_LIBRARY = "libc++";
				CLANG_ENABLE_MODULES = YES;
				CLANG_ENABLE_OBJC_ARC = YES;
				CLANG_ENABLE_OBJC_WEAK = YES;
				CLANG_WARN_BLOCK_CAPTURE_AUTORELEASING = YES;
				CLANG_WARN_BOOL_CONVERSION = YES;
				CLANG_WARN_COMMA = YES;
				CLANG_WARN_CONSTANT_CONVERSION = YES;
				CLANG_WARN_DEPRECATED_OBJC_IMPLEMENTATIONS = YES;
				CLANG_WARN_DIRECT_OBJC_ISA_USAGE = YES_ERROR;
				CLANG_WARN_DOCUMENTATION_COMMENTS = YES;
				CLANG_WARN_EMPTY_BODY = YES;
				CLANG_WARN_ENUM_CONVERSION = YES;
				CLANG_WARN_INFINITE_RECURSION = YES;
				CLANG_WARN_INT_CONVERSION = YES;
				CLANG_WARN_NON_LITERAL_NULL_CONVERSION = YES;
				CLANG_WARN_OBJC_IMPLICIT_RETAIN_SELF = YES;
				CLANG_WARN_OBJC_LITERAL_CONVERSION = YES;
				CLANG_WARN_OBJC_ROOT_CLASS = YES_ERROR;
				CLANG_WARN_RANGE_LOOP_ANALYSIS = YES;
				CLANG_WARN_STRICT_PROTOTYPES = YES;
				CLANG_WARN_SUSPICIOUS_MOVE = YES;
				CLANG_WARN_UNGUARDED_AVAILABILITY = YES_AGGRESSIVE;
				CLANG_WARN_UNREACHABLE_CODE = YES;
				CLANG_WARN__DUPLICATE_METHOD_MATCH = YES;
				CODE_SIGN_IDENTITY = "iPhone Developer";
				COPY_PHASE_STRIP = NO;
				DEBUG_INFORMATION_FORMAT = dwarf;
				ENABLE_STRICT_OBJC_MSGSEND = YES;
				ENABLE_TESTABILITY = YES;
				GCC_C_LANGUAGE_STANDARD = gnu11;
				GCC_DYNAMIC_NO_PIC = NO;
				GCC_NO_COMMON_BLOCKS = YES;
				GCC_OPTIMIZATION_LEVEL = 0;
				GCC_PREPROCESSOR_DEFINITIONS = (
					"DEBUG=1",
					"$(inherited)",
				);
				GCC_WARN_64_TO_32_BIT_CONVERSION = YES;
				GCC_WARN_ABOUT_RETURN_TYPE = YES_ERROR;
				GCC_WARN_UNDECLARED_SELECTOR = YES;
				GCC_WARN_UNINITIALIZED_AUTOS = YES_AGGRESSIVE;
				GCC_WARN_UNUSED_FUNCTION = YES;
				GCC_WARN_UNUSED_VARIABLE = YES;
				IPHONEOS_DEPLOYMENT_TARGET = 11.4;
				MTL_ENABLE_DEBUG_INFO = YES;
				ONLY_ACTIVE_ARCH = YES;
				SDKROOT = iphoneos;
				SWIFT_ACTIVE_COMPILATION_CONDITIONS = DEBUG;
				SWIFT_OPTIMIZATION_LEVEL = "-Onone";
			};
			name = Debug;
		};
		752B141B214AE80800214CC5 /* Release */ = {
			isa = XCBuildConfiguration;
			buildSettings = {
				ALWAYS_SEARCH_USER_PATHS = NO;
				CLANG_ANALYZER_NONNULL = YES;
				CLANG_ANALYZER_NUMBER_OBJECT_CONVERSION = YES_AGGRESSIVE;
				CLANG_CXX_LANGUAGE_STANDARD = "gnu++14";
				CLANG_CXX_LIBRARY = "libc++";
				CLANG_ENABLE_MODULES = YES;
				CLANG_ENABLE_OBJC_ARC = YES;
				CLANG_ENABLE_OBJC_WEAK = YES;
				CLANG_WARN_BLOCK_CAPTURE_AUTORELEASING = YES;
				CLANG_WARN_BOOL_CONVERSION = YES;
				CLANG_WARN_COMMA = YES;
				CLANG_WARN_CONSTANT_CONVERSION = YES;
				CLANG_WARN_DEPRECATED_OBJC_IMPLEMENTATIONS = YES;
				CLANG_WARN_DIRECT_OBJC_ISA_USAGE = YES_ERROR;
				CLANG_WARN_DOCUMENTATION_COMMENTS = YES;
				CLANG_WARN_EMPTY_BODY = YES;
				CLANG_WARN_ENUM_CONVERSION = YES;
				CLANG_WARN_INFINITE_RECURSION = YES;
				CLANG_WARN_INT_CONVERSION = YES;
				CLANG_WARN_NON_LITERAL_NULL_CONVERSION = YES;
				CLANG_WARN_OBJC_IMPLICIT_RETAIN_SELF = YES;
				CLANG_WARN_OBJC_LITERAL_CONVERSION = YES;
				CLANG_WARN_OBJC_ROOT_CLASS = YES_ERROR;
				CLANG_WARN_RANGE_LOOP_ANALYSIS = YES;
				CLANG_WARN_STRICT_PROTOTYPES = YES;
				CLANG_WARN_SUSPICIOUS_MOVE = YES;
				CLANG_WARN_UNGUARDED_AVAILABILITY = YES_AGGRESSIVE;
				CLANG_WARN_UNREACHABLE_CODE = YES;
				CLANG_WARN__DUPLICATE_METHOD_MATCH = YES;
				CODE_SIGN_IDENTITY = "iPhone Developer";
				COPY_PHASE_STRIP = NO;
				DEBUG_INFORMATION_FORMAT = "dwarf-with-dsym";
				ENABLE_NS_ASSERTIONS = NO;
				ENABLE_STRICT_OBJC_MSGSEND = YES;
				GCC_C_LANGUAGE_STANDARD = gnu11;
				GCC_NO_COMMON_BLOCKS = YES;
				GCC_WARN_64_TO_32_BIT_CONVERSION = YES;
				GCC_WARN_ABOUT_RETURN_TYPE = YES_ERROR;
				GCC_WARN_UNDECLARED_SELECTOR = YES;
				GCC_WARN_UNINITIALIZED_AUTOS = YES_AGGRESSIVE;
				GCC_WARN_UNUSED_FUNCTION = YES;
				GCC_WARN_UNUSED_VARIABLE = YES;
				IPHONEOS_DEPLOYMENT_TARGET = 11.4;
				MTL_ENABLE_DEBUG_INFO = NO;
				SDKROOT = iphoneos;
				SWIFT_COMPILATION_MODE = wholemodule;
				SWIFT_OPTIMIZATION_LEVEL = "-O";
				VALIDATE_PRODUCT = YES;
			};
			name = Release;
		};
		752B141D214AE80800214CC5 /* Debug */ = {
			isa = XCBuildConfiguration;
			baseConfigurationReference = 13AF64177CB716C951C7B910 /* Pods-Stickeroid MessagesExtension.debug.xcconfig */;
			buildSettings = {
				ASSETCATALOG_COMPILER_APPICON_NAME = "Messages Icon";
				CODE_SIGN_IDENTITY = "iPhone Developer";
				CODE_SIGN_STYLE = Automatic;
				DEVELOPMENT_TEAM = HWKNWLSN4R;
				INFOPLIST_FILE = "Stickeroid MessagesExtension/Info.plist";
				LD_RUNPATH_SEARCH_PATHS = (
					"$(inherited)",
					"@executable_path/Frameworks",
					"@executable_path/../../Frameworks",
				);
				PRODUCT_BUNDLE_IDENTIFIER = stickeroid.la4ce.Stickeroid.MessagesExtension;
				PRODUCT_NAME = "$(TARGET_NAME)";
				PROVISIONING_PROFILE_SPECIFIER = "";
				SKIP_INSTALL = YES;
				SWIFT_VERSION = 4.0;
				TARGETED_DEVICE_FAMILY = "1,2";
			};
			name = Debug;
		};
		752B141E214AE80800214CC5 /* Release */ = {
			isa = XCBuildConfiguration;
			baseConfigurationReference = 80B83A136238C0417A955F33 /* Pods-Stickeroid MessagesExtension.release.xcconfig */;
			buildSettings = {
				ASSETCATALOG_COMPILER_APPICON_NAME = "Messages Icon";
				CODE_SIGN_IDENTITY = "iPhone Developer";
				CODE_SIGN_STYLE = Automatic;
				DEVELOPMENT_TEAM = HWKNWLSN4R;
				INFOPLIST_FILE = "Stickeroid MessagesExtension/Info.plist";
				LD_RUNPATH_SEARCH_PATHS = (
					"$(inherited)",
					"@executable_path/Frameworks",
					"@executable_path/../../Frameworks",
				);
				PRODUCT_BUNDLE_IDENTIFIER = stickeroid.la4ce.Stickeroid.MessagesExtension;
				PRODUCT_NAME = "$(TARGET_NAME)";
				PROVISIONING_PROFILE_SPECIFIER = "";
				SKIP_INSTALL = YES;
				SWIFT_VERSION = 4.0;
				TARGETED_DEVICE_FAMILY = "1,2";
			};
			name = Release;
		};
		752B1421214AE80800214CC5 /* Debug */ = {
			isa = XCBuildConfiguration;
			baseConfigurationReference = 548D6858259B5F9D99955FA0 /* Pods-Stickeroid.debug.xcconfig */;
			buildSettings = {
				ALWAYS_EMBED_SWIFT_STANDARD_LIBRARIES = YES;
				ASSETCATALOG_COMPILER_APPICON_NAME = AppIcon;
				CODE_SIGN_STYLE = Automatic;
				DEVELOPMENT_TEAM = HWKNWLSN4R;
				INFOPLIST_FILE = Stickeroid/Info.plist;
				PRODUCT_BUNDLE_IDENTIFIER = stickeroid.la4ce.Stickeroid;
				PRODUCT_NAME = "$(TARGET_NAME)";
				SWIFT_VERSION = 4.0;
				TARGETED_DEVICE_FAMILY = "1,2";
			};
			name = Debug;
		};
		752B1422214AE80800214CC5 /* Release */ = {
			isa = XCBuildConfiguration;
			baseConfigurationReference = F927222A48C46CA8A472EF1A /* Pods-Stickeroid.release.xcconfig */;
			buildSettings = {
				ALWAYS_EMBED_SWIFT_STANDARD_LIBRARIES = YES;
				ASSETCATALOG_COMPILER_APPICON_NAME = AppIcon;
				CODE_SIGN_STYLE = Automatic;
				DEVELOPMENT_TEAM = HWKNWLSN4R;
				INFOPLIST_FILE = Stickeroid/Info.plist;
				PRODUCT_BUNDLE_IDENTIFIER = stickeroid.la4ce.Stickeroid;
				PRODUCT_NAME = "$(TARGET_NAME)";
				SWIFT_VERSION = 4.0;
				TARGETED_DEVICE_FAMILY = "1,2";
			};
			name = Release;
		};
/* End XCBuildConfiguration section */

/* Begin XCConfigurationList section */
		752B13FD214AE80600214CC5 /* Build configuration list for PBXProject "Stickeroid" */ = {
			isa = XCConfigurationList;
			buildConfigurations = (
				752B141A214AE80800214CC5 /* Debug */,
				752B141B214AE80800214CC5 /* Release */,
			);
			defaultConfigurationIsVisible = 0;
			defaultConfigurationName = Release;
		};
		752B141C214AE80800214CC5 /* Build configuration list for PBXNativeTarget "Stickeroid MessagesExtension" */ = {
			isa = XCConfigurationList;
			buildConfigurations = (
				752B141D214AE80800214CC5 /* Debug */,
				752B141E214AE80800214CC5 /* Release */,
			);
			defaultConfigurationIsVisible = 0;
			defaultConfigurationName = Release;
		};
		752B1420214AE80800214CC5 /* Build configuration list for PBXNativeTarget "Stickeroid" */ = {
			isa = XCConfigurationList;
			buildConfigurations = (
				752B1421214AE80800214CC5 /* Debug */,
				752B1422214AE80800214CC5 /* Release */,
			);
			defaultConfigurationIsVisible = 0;
			defaultConfigurationName = Release;
		};
/* End XCConfigurationList section */
	};
	rootObject = 752B13FA214AE80600214CC5 /* Project object */;
}
