// !$*UTF8*$!
{
	archiveVersion = 1;
	classes = {
	};
	objectVersion = 46;
	objects = {

/* Begin PBXBuildFile section */
		7527EE7C1F2CA9340031383A /* AppDelegate.swift in Sources */ = {isa = PBXBuildFile; fileRef = 7527EE7B1F2CA9340031383A /* AppDelegate.swift */; };
		7527EE7E1F2CA9340031383A /* ViewController.swift in Sources */ = {isa = PBXBuildFile; fileRef = 7527EE7D1F2CA9340031383A /* ViewController.swift */; };
		754B44C7204F24F50004885F /* KeyboardViewController.swift in Sources */ = {isa = PBXBuildFile; fileRef = 754B44C6204F24F50004885F /* KeyboardViewController.swift */; };
		754B44CB204F24F50004885F /* StickeroidKeyboard.appex in Embed App Extensions */ = {isa = PBXBuildFile; fileRef = 754B44C4204F24F50004885F /* StickeroidKeyboard.appex */; settings = {ATTRIBUTES = (RemoveHeadersOnCopy, ); }; };
		7550B1E21F31A6BB00DE7186 /* STConstants.swift in Sources */ = {isa = PBXBuildFile; fileRef = 7550B1E11F31A6BB00DE7186 /* STConstants.swift */; };
		7550B1E41F31A74C00DE7186 /* STRequest.swift in Sources */ = {isa = PBXBuildFile; fileRef = 7550B1E31F31A74C00DE7186 /* STRequest.swift */; };
		7550B1E61F31A78200DE7186 /* STButton.swift in Sources */ = {isa = PBXBuildFile; fileRef = 7550B1E51F31A78200DE7186 /* STButton.swift */; };
		7550B1EA1F33CA6D00DE7186 /* GCD.swift in Sources */ = {isa = PBXBuildFile; fileRef = 7550B1E91F33CA6D00DE7186 /* GCD.swift */; };
		7550B1F61F346A9E00DE7186 /* logo_text.png in Resources */ = {isa = PBXBuildFile; fileRef = 7550B1F31F346A9E00DE7186 /* logo_text.png */; };
		7550B1F71F346A9E00DE7186 /* stickeroid_logo.png in Resources */ = {isa = PBXBuildFile; fileRef = 7550B1F41F346A9E00DE7186 /* stickeroid_logo.png */; };
		7550B1FA1F346ABA00DE7186 /* LaunchScreen.storyboard in Resources */ = {isa = PBXBuildFile; fileRef = 7550B1F81F346ABA00DE7186 /* LaunchScreen.storyboard */; };
		7550B1FD1F346ABE00DE7186 /* Main.storyboard in Resources */ = {isa = PBXBuildFile; fileRef = 7550B1FB1F346ABE00DE7186 /* Main.storyboard */; };
		7550B2051F35144000DE7186 /* Images.xcassets in Resources */ = {isa = PBXBuildFile; fileRef = 7550B2041F35144000DE7186 /* Images.xcassets */; };
		755B2DF1205877CE00C34623 /* KeyboardView.xib in Resources */ = {isa = PBXBuildFile; fileRef = 755B2DEF205877CE00C34623 /* KeyboardView.xib */; };
		755B2DF32059AC6C00C34623 /* STButton.swift in Sources */ = {isa = PBXBuildFile; fileRef = 755B2DF22059AC6C00C34623 /* STButton.swift */; };
		755B2DF62059BF9300C34623 /* LetterButton.swift in Sources */ = {isa = PBXBuildFile; fileRef = 755B2DF52059BF9300C34623 /* LetterButton.swift */; };
		755B2DF82066AF5300C34623 /* Constants.swift in Sources */ = {isa = PBXBuildFile; fileRef = 755B2DF72066AF5300C34623 /* Constants.swift */; };
		7563FCCC20682C2300D1D361 /* GCD.swift in Sources */ = {isa = PBXBuildFile; fileRef = 7550B1E91F33CA6D00DE7186 /* GCD.swift */; };
		7591D5951F54A13E00E70522 /* back.png in Resources */ = {isa = PBXBuildFile; fileRef = 7591D5941F54A13E00E70522 /* back.png */; };
		7591D5971F54A14400E70522 /* next.png in Resources */ = {isa = PBXBuildFile; fileRef = 7591D5961F54A14400E70522 /* next.png */; };
		75D568A51F76C60F001EFD69 /* logo_text_white.png in Resources */ = {isa = PBXBuildFile; fileRef = 75D568A41F76C60F001EFD69 /* logo_text_white.png */; };
		75D568A71F76D08A001EFD69 /* SearchField.swift in Sources */ = {isa = PBXBuildFile; fileRef = 75D568A61F76D08A001EFD69 /* SearchField.swift */; };
/* End PBXBuildFile section */

/* Begin PBXContainerItemProxy section */
		754B44C9204F24F50004885F /* PBXContainerItemProxy */ = {
			isa = PBXContainerItemProxy;
			containerPortal = 7527EE701F2CA9340031383A /* Project object */;
			proxyType = 1;
			remoteGlobalIDString = 754B44C3204F24F50004885F;
			remoteInfo = StickeroidKeyboard;
		};
/* End PBXContainerItemProxy section */

/* Begin PBXCopyFilesBuildPhase section */
		754B44CF204F24F50004885F /* Embed App Extensions */ = {
			isa = PBXCopyFilesBuildPhase;
			buildActionMask = 2147483647;
			dstPath = "";
			dstSubfolderSpec = 13;
			files = (
				754B44CB204F24F50004885F /* StickeroidKeyboard.appex in Embed App Extensions */,
			);
			name = "Embed App Extensions";
			runOnlyForDeploymentPostprocessing = 0;
		};
/* End PBXCopyFilesBuildPhase section */

/* Begin PBXFileReference section */
		7527EE781F2CA9340031383A /* Stickeroid.app */ = {isa = PBXFileReference; explicitFileType = wrapper.application; includeInIndex = 0; path = Stickeroid.app; sourceTree = BUILT_PRODUCTS_DIR; };
		7527EE7B1F2CA9340031383A /* AppDelegate.swift */ = {isa = PBXFileReference; lastKnownFileType = sourcecode.swift; path = AppDelegate.swift; sourceTree = "<group>"; };
		7527EE7D1F2CA9340031383A /* ViewController.swift */ = {isa = PBXFileReference; lastKnownFileType = sourcecode.swift; path = ViewController.swift; sourceTree = "<group>"; };
		7527EE871F2CA9340031383A /* Info.plist */ = {isa = PBXFileReference; lastKnownFileType = text.plist.xml; path = Info.plist; sourceTree = "<group>"; };
		754B44C4204F24F50004885F /* StickeroidKeyboard.appex */ = {isa = PBXFileReference; explicitFileType = "wrapper.app-extension"; includeInIndex = 0; path = StickeroidKeyboard.appex; sourceTree = BUILT_PRODUCTS_DIR; };
		754B44C6204F24F50004885F /* KeyboardViewController.swift */ = {isa = PBXFileReference; lastKnownFileType = sourcecode.swift; path = KeyboardViewController.swift; sourceTree = "<group>"; };
		754B44C8204F24F50004885F /* Info.plist */ = {isa = PBXFileReference; lastKnownFileType = text.plist.xml; path = Info.plist; sourceTree = "<group>"; };
		7550B1E11F31A6BB00DE7186 /* STConstants.swift */ = {isa = PBXFileReference; fileEncoding = 4; lastKnownFileType = sourcecode.swift; path = STConstants.swift; sourceTree = "<group>"; };
		7550B1E31F31A74C00DE7186 /* STRequest.swift */ = {isa = PBXFileReference; fileEncoding = 4; lastKnownFileType = sourcecode.swift; path = STRequest.swift; sourceTree = "<group>"; };
		7550B1E51F31A78200DE7186 /* STButton.swift */ = {isa = PBXFileReference; fileEncoding = 4; lastKnownFileType = sourcecode.swift; path = STButton.swift; sourceTree = "<group>"; };
		7550B1E91F33CA6D00DE7186 /* GCD.swift */ = {isa = PBXFileReference; fileEncoding = 4; lastKnownFileType = sourcecode.swift; path = GCD.swift; sourceTree = "<group>"; };
		7550B1F31F346A9E00DE7186 /* logo_text.png */ = {isa = PBXFileReference; lastKnownFileType = image.png; path = logo_text.png; sourceTree = "<group>"; };
		7550B1F41F346A9E00DE7186 /* stickeroid_logo.png */ = {isa = PBXFileReference; lastKnownFileType = image.png; path = stickeroid_logo.png; sourceTree = "<group>"; };
		7550B1F91F346ABA00DE7186 /* Base */ = {isa = PBXFileReference; lastKnownFileType = file.storyboard; name = Base; path = Base.lproj/LaunchScreen.storyboard; sourceTree = "<group>"; };
		7550B1FC1F346ABE00DE7186 /* Base */ = {isa = PBXFileReference; lastKnownFileType = file.storyboard; name = Base; path = Base.lproj/Main.storyboard; sourceTree = "<group>"; };
		7550B2041F35144000DE7186 /* Images.xcassets */ = {isa = PBXFileReference; lastKnownFileType = folder.assetcatalog; path = Images.xcassets; sourceTree = "<group>"; };
		755B2DEF205877CE00C34623 /* KeyboardView.xib */ = {isa = PBXFileReference; fileEncoding = 4; lastKnownFileType = file.xib; path = KeyboardView.xib; sourceTree = "<group>"; };
		755B2DF22059AC6C00C34623 /* STButton.swift */ = {isa = PBXFileReference; lastKnownFileType = sourcecode.swift; path = STButton.swift; sourceTree = "<group>"; };
		755B2DF52059BF9300C34623 /* LetterButton.swift */ = {isa = PBXFileReference; lastKnownFileType = sourcecode.swift; path = LetterButton.swift; sourceTree = "<group>"; };
		755B2DF72066AF5300C34623 /* Constants.swift */ = {isa = PBXFileReference; lastKnownFileType = sourcecode.swift; path = Constants.swift; sourceTree = "<group>"; };
		7563FCCD20682E2000D1D361 /* StickeroidKeyboard.entitlements */ = {isa = PBXFileReference; lastKnownFileType = text.plist.entitlements; path = StickeroidKeyboard.entitlements; sourceTree = "<group>"; };
		7563FCCE20682E4400D1D361 /* Stickeroid.entitlements */ = {isa = PBXFileReference; lastKnownFileType = text.plist.entitlements; path = Stickeroid.entitlements; sourceTree = "<group>"; };
		7591D5941F54A13E00E70522 /* back.png */ = {isa = PBXFileReference; lastKnownFileType = image.png; path = back.png; sourceTree = "<group>"; };
		7591D5961F54A14400E70522 /* next.png */ = {isa = PBXFileReference; lastKnownFileType = image.png; path = next.png; sourceTree = "<group>"; };
		75D568A41F76C60F001EFD69 /* logo_text_white.png */ = {isa = PBXFileReference; lastKnownFileType = image.png; path = logo_text_white.png; sourceTree = "<group>"; };
		75D568A61F76D08A001EFD69 /* SearchField.swift */ = {isa = PBXFileReference; lastKnownFileType = sourcecode.swift; path = SearchField.swift; sourceTree = "<group>"; };
/* End PBXFileReference section */

/* Begin PBXFrameworksBuildPhase section */
		7527EE751F2CA9340031383A /* Frameworks */ = {
			isa = PBXFrameworksBuildPhase;
			buildActionMask = 2147483647;
			files = (
			);
			runOnlyForDeploymentPostprocessing = 0;
		};
		754B44C1204F24F50004885F /* Frameworks */ = {
			isa = PBXFrameworksBuildPhase;
			buildActionMask = 2147483647;
			files = (
			);
			runOnlyForDeploymentPostprocessing = 0;
		};
/* End PBXFrameworksBuildPhase section */

/* Begin PBXGroup section */
		7527EE6F1F2CA9340031383A = {
			isa = PBXGroup;
			children = (
				7527EE7A1F2CA9340031383A /* Stickeroid */,
				754B44C5204F24F50004885F /* StickeroidKeyboard */,
				7527EE791F2CA9340031383A /* Products */,
			);
			sourceTree = "<group>";
		};
		7527EE791F2CA9340031383A /* Products */ = {
			isa = PBXGroup;
			children = (
				7527EE781F2CA9340031383A /* Stickeroid.app */,
				754B44C4204F24F50004885F /* StickeroidKeyboard.appex */,
			);
			name = Products;
			sourceTree = "<group>";
		};
		7527EE7A1F2CA9340031383A /* Stickeroid */ = {
			isa = PBXGroup;
			children = (
				7563FCCE20682E4400D1D361 /* Stickeroid.entitlements */,
				7527EE8F1F2E4F300031383A /* View */,
				7527EE901F2E4F3E0031383A /* Controller */,
				7527EE911F2E4F450031383A /* Model */,
				7527EE7B1F2CA9340031383A /* AppDelegate.swift */,
				7550B1E81F31BB5700DE7186 /* Supporting Files */,
				7550B1F11F346A8300DE7186 /* Assets */,
			);
			path = Stickeroid;
			sourceTree = "<group>";
		};
		7527EE8F1F2E4F300031383A /* View */ = {
			isa = PBXGroup;
			children = (
				7550B1E51F31A78200DE7186 /* STButton.swift */,
				75D568A61F76D08A001EFD69 /* SearchField.swift */,
			);
			name = View;
			sourceTree = "<group>";
		};
		7527EE901F2E4F3E0031383A /* Controller */ = {
			isa = PBXGroup;
			children = (
				7527EE7D1F2CA9340031383A /* ViewController.swift */,
				7550B1E91F33CA6D00DE7186 /* GCD.swift */,
			);
			name = Controller;
			sourceTree = "<group>";
		};
		7527EE911F2E4F450031383A /* Model */ = {
			isa = PBXGroup;
			children = (
				7550B1E11F31A6BB00DE7186 /* STConstants.swift */,
				7550B1E31F31A74C00DE7186 /* STRequest.swift */,
			);
			name = Model;
			sourceTree = "<group>";
		};
		754B44C5204F24F50004885F /* StickeroidKeyboard */ = {
			isa = PBXGroup;
			children = (
				7563FCCD20682E2000D1D361 /* StickeroidKeyboard.entitlements */,
				755B2DF42059B83600C34623 /* View */,
				755B2DED2058779600C34623 /* Assets */,
				754B44C6204F24F50004885F /* KeyboardViewController.swift */,
				754B44C8204F24F50004885F /* Info.plist */,
				755B2DF72066AF5300C34623 /* Constants.swift */,
			);
			path = StickeroidKeyboard;
			sourceTree = "<group>";
		};
		7550B1E81F31BB5700DE7186 /* Supporting Files */ = {
			isa = PBXGroup;
			children = (
				7527EE871F2CA9340031383A /* Info.plist */,
			);
			name = "Supporting Files";
			sourceTree = "<group>";
		};
		7550B1F11F346A8300DE7186 /* Assets */ = {
			isa = PBXGroup;
			children = (
				75D568A41F76C60F001EFD69 /* logo_text_white.png */,
				7591D5941F54A13E00E70522 /* back.png */,
				7550B1F31F346A9E00DE7186 /* logo_text.png */,
				7591D5961F54A14400E70522 /* next.png */,
				7550B1F81F346ABA00DE7186 /* LaunchScreen.storyboard */,
				7550B1FB1F346ABE00DE7186 /* Main.storyboard */,
				7550B1F41F346A9E00DE7186 /* stickeroid_logo.png */,
				7550B2041F35144000DE7186 /* Images.xcassets */,
			);
			name = Assets;
			sourceTree = "<group>";
		};
		755B2DED2058779600C34623 /* Assets */ = {
			isa = PBXGroup;
			children = (
				755B2DEF205877CE00C34623 /* KeyboardView.xib */,
			);
			path = Assets;
			sourceTree = "<group>";
		};
		755B2DF42059B83600C34623 /* View */ = {
			isa = PBXGroup;
			children = (
				755B2DF22059AC6C00C34623 /* STButton.swift */,
				755B2DF52059BF9300C34623 /* LetterButton.swift */,
			);
			path = View;
			sourceTree = "<group>";
		};
/* End PBXGroup section */

/* Begin PBXNativeTarget section */
		7527EE771F2CA9340031383A /* Stickeroid */ = {
			isa = PBXNativeTarget;
			buildConfigurationList = 7527EE8A1F2CA9340031383A /* Build configuration list for PBXNativeTarget "Stickeroid" */;
			buildPhases = (
				7527EE741F2CA9340031383A /* Sources */,
				7527EE751F2CA9340031383A /* Frameworks */,
				7527EE761F2CA9340031383A /* Resources */,
				754B44CF204F24F50004885F /* Embed App Extensions */,
			);
			buildRules = (
			);
			dependencies = (
				754B44CA204F24F50004885F /* PBXTargetDependency */,
			);
			name = Stickeroid;
			productName = Stickeroid;
			productReference = 7527EE781F2CA9340031383A /* Stickeroid.app */;
			productType = "com.apple.product-type.application";
		};
		754B44C3204F24F50004885F /* StickeroidKeyboard */ = {
			isa = PBXNativeTarget;
			buildConfigurationList = 754B44CE204F24F50004885F /* Build configuration list for PBXNativeTarget "StickeroidKeyboard" */;
			buildPhases = (
				754B44C0204F24F50004885F /* Sources */,
				754B44C1204F24F50004885F /* Frameworks */,
				754B44C2204F24F50004885F /* Resources */,
			);
			buildRules = (
			);
			dependencies = (
			);
			name = StickeroidKeyboard;
			productName = StickeroidKeyboard;
			productReference = 754B44C4204F24F50004885F /* StickeroidKeyboard.appex */;
			productType = "com.apple.product-type.app-extension";
		};
/* End PBXNativeTarget section */

/* Begin PBXProject section */
		7527EE701F2CA9340031383A /* Project object */ = {
			isa = PBXProject;
			attributes = {
				LastSwiftUpdateCheck = 0920;
				LastUpgradeCheck = 0830;
				ORGANIZATIONNAME = "Vadym Sidorov";
				TargetAttributes = {
					7527EE771F2CA9340031383A = {
						CreatedOnToolsVersion = 8.3.3;
						DevelopmentTeam = HWKNWLSN4R;
						LastSwiftMigration = 0920;
						ProvisioningStyle = Automatic;
						SystemCapabilities = {
							com.apple.ApplicationGroups.iOS = {
								enabled = 0;
							};
						};
					};
					754B44C3204F24F50004885F = {
						CreatedOnToolsVersion = 9.2;
						DevelopmentTeam = HWKNWLSN4R;
						ProvisioningStyle = Automatic;
						SystemCapabilities = {
							com.apple.ApplicationGroups.iOS = {
								enabled = 0;
							};
						};
					};
				};
			};
			buildConfigurationList = 7527EE731F2CA9340031383A /* Build configuration list for PBXProject "Stickeroid" */;
			compatibilityVersion = "Xcode 3.2";
			developmentRegion = English;
			hasScannedForEncodings = 0;
			knownRegions = (
				en,
				Base,
			);
			mainGroup = 7527EE6F1F2CA9340031383A;
			productRefGroup = 7527EE791F2CA9340031383A /* Products */;
			projectDirPath = "";
			projectRoot = "";
			targets = (
				7527EE771F2CA9340031383A /* Stickeroid */,
				754B44C3204F24F50004885F /* StickeroidKeyboard */,
			);
		};
/* End PBXProject section */

/* Begin PBXResourcesBuildPhase section */
		7527EE761F2CA9340031383A /* Resources */ = {
			isa = PBXResourcesBuildPhase;
			buildActionMask = 2147483647;
			files = (
				7591D5971F54A14400E70522 /* next.png in Resources */,
				7550B1FD1F346ABE00DE7186 /* Main.storyboard in Resources */,
				7550B2051F35144000DE7186 /* Images.xcassets in Resources */,
				75D568A51F76C60F001EFD69 /* logo_text_white.png in Resources */,
				7591D5951F54A13E00E70522 /* back.png in Resources */,
				7550B1FA1F346ABA00DE7186 /* LaunchScreen.storyboard in Resources */,
				7550B1F71F346A9E00DE7186 /* stickeroid_logo.png in Resources */,
				7550B1F61F346A9E00DE7186 /* logo_text.png in Resources */,
			);
			runOnlyForDeploymentPostprocessing = 0;
		};
		754B44C2204F24F50004885F /* Resources */ = {
			isa = PBXResourcesBuildPhase;
			buildActionMask = 2147483647;
			files = (
				755B2DF1205877CE00C34623 /* KeyboardView.xib in Resources */,
			);
			runOnlyForDeploymentPostprocessing = 0;
		};
/* End PBXResourcesBuildPhase section */

/* Begin PBXSourcesBuildPhase section */
		7527EE741F2CA9340031383A /* Sources */ = {
			isa = PBXSourcesBuildPhase;
			buildActionMask = 2147483647;
			files = (
				7550B1EA1F33CA6D00DE7186 /* GCD.swift in Sources */,
				7527EE7E1F2CA9340031383A /* ViewController.swift in Sources */,
				7550B1E41F31A74C00DE7186 /* STRequest.swift in Sources */,
				7527EE7C1F2CA9340031383A /* AppDelegate.swift in Sources */,
				75D568A71F76D08A001EFD69 /* SearchField.swift in Sources */,
				7550B1E61F31A78200DE7186 /* STButton.swift in Sources */,
				7550B1E21F31A6BB00DE7186 /* STConstants.swift in Sources */,
			);
			runOnlyForDeploymentPostprocessing = 0;
		};
		754B44C0204F24F50004885F /* Sources */ = {
			isa = PBXSourcesBuildPhase;
			buildActionMask = 2147483647;
			files = (
				7563FCCC20682C2300D1D361 /* GCD.swift in Sources */,
				755B2DF62059BF9300C34623 /* LetterButton.swift in Sources */,
				755B2DF32059AC6C00C34623 /* STButton.swift in Sources */,
				754B44C7204F24F50004885F /* KeyboardViewController.swift in Sources */,
				755B2DF82066AF5300C34623 /* Constants.swift in Sources */,
			);
			runOnlyForDeploymentPostprocessing = 0;
		};
/* End PBXSourcesBuildPhase section */

/* Begin PBXTargetDependency section */
		754B44CA204F24F50004885F /* PBXTargetDependency */ = {
			isa = PBXTargetDependency;
			target = 754B44C3204F24F50004885F /* StickeroidKeyboard */;
			targetProxy = 754B44C9204F24F50004885F /* PBXContainerItemProxy */;
		};
/* End PBXTargetDependency section */

/* Begin PBXVariantGroup section */
		7550B1F81F346ABA00DE7186 /* LaunchScreen.storyboard */ = {
			isa = PBXVariantGroup;
			children = (
				7550B1F91F346ABA00DE7186 /* Base */,
			);
			name = LaunchScreen.storyboard;
			sourceTree = "<group>";
		};
		7550B1FB1F346ABE00DE7186 /* Main.storyboard */ = {
			isa = PBXVariantGroup;
			children = (
				7550B1FC1F346ABE00DE7186 /* Base */,
			);
			name = Main.storyboard;
			sourceTree = "<group>";
		};
/* End PBXVariantGroup section */

/* Begin XCBuildConfiguration section */
		7527EE881F2CA9340031383A /* Debug */ = {
			isa = XCBuildConfiguration;
			buildSettings = {
				ALWAYS_SEARCH_USER_PATHS = NO;
				CLANG_ANALYZER_NONNULL = YES;
				CLANG_ANALYZER_NUMBER_OBJECT_CONVERSION = YES_AGGRESSIVE;
				CLANG_CXX_LANGUAGE_STANDARD = "gnu++0x";
				CLANG_CXX_LIBRARY = "libc++";
				CLANG_ENABLE_MODULES = YES;
				CLANG_ENABLE_OBJC_ARC = YES;
				CLANG_WARN_BOOL_CONVERSION = YES;
				CLANG_WARN_CONSTANT_CONVERSION = YES;
				CLANG_WARN_DIRECT_OBJC_ISA_USAGE = YES_ERROR;
				CLANG_WARN_DOCUMENTATION_COMMENTS = YES;
				CLANG_WARN_EMPTY_BODY = YES;
				CLANG_WARN_ENUM_CONVERSION = YES;
				CLANG_WARN_INFINITE_RECURSION = YES;
				CLANG_WARN_INT_CONVERSION = YES;
				CLANG_WARN_OBJC_ROOT_CLASS = YES_ERROR;
				CLANG_WARN_SUSPICIOUS_MOVE = YES;
				CLANG_WARN_UNREACHABLE_CODE = YES;
				CLANG_WARN__DUPLICATE_METHOD_MATCH = YES;
				"CODE_SIGN_IDENTITY[sdk=iphoneos*]" = "iPhone Developer";
				COPY_PHASE_STRIP = NO;
				DEBUG_INFORMATION_FORMAT = dwarf;
				ENABLE_STRICT_OBJC_MSGSEND = YES;
				ENABLE_TESTABILITY = YES;
				GCC_C_LANGUAGE_STANDARD = gnu99;
				GCC_DYNAMIC_NO_PIC = NO;
				GCC_NO_COMMON_BLOCKS = YES;
				GCC_OPTIMIZATION_LEVEL = 0;
				GCC_PREPROCESSOR_DEFINITIONS = (
					"DEBUG=1",
					"$(inherited)",
				);
				GCC_WARN_64_TO_32_BIT_CONVERSION = YES;
				GCC_WARN_ABOUT_RETURN_TYPE = YES_ERROR;
				GCC_WARN_UNDECLARED_SELECTOR = YES;
				GCC_WARN_UNINITIALIZED_AUTOS = YES_AGGRESSIVE;
				GCC_WARN_UNUSED_FUNCTION = YES;
				GCC_WARN_UNUSED_VARIABLE = YES;
				IPHONEOS_DEPLOYMENT_TARGET = 10.3;
				MTL_ENABLE_DEBUG_INFO = YES;
				ONLY_ACTIVE_ARCH = YES;
				SDKROOT = iphoneos;
				SWIFT_ACTIVE_COMPILATION_CONDITIONS = DEBUG;
				SWIFT_OPTIMIZATION_LEVEL = "-Onone";
				TARGETED_DEVICE_FAMILY = "1,2";
			};
			name = Debug;
		};
		7527EE891F2CA9340031383A /* Release */ = {
			isa = XCBuildConfiguration;
			buildSettings = {
				ALWAYS_SEARCH_USER_PATHS = NO;
				CLANG_ANALYZER_NONNULL = YES;
				CLANG_ANALYZER_NUMBER_OBJECT_CONVERSION = YES_AGGRESSIVE;
				CLANG_CXX_LANGUAGE_STANDARD = "gnu++0x";
				CLANG_CXX_LIBRARY = "libc++";
				CLANG_ENABLE_MODULES = YES;
				CLANG_ENABLE_OBJC_ARC = YES;
				CLANG_WARN_BOOL_CONVERSION = YES;
				CLANG_WARN_CONSTANT_CONVERSION = YES;
				CLANG_WARN_DIRECT_OBJC_ISA_USAGE = YES_ERROR;
				CLANG_WARN_DOCUMENTATION_COMMENTS = YES;
				CLANG_WARN_EMPTY_BODY = YES;
				CLANG_WARN_ENUM_CONVERSION = YES;
				CLANG_WARN_INFINITE_RECURSION = YES;
				CLANG_WARN_INT_CONVERSION = YES;
				CLANG_WARN_OBJC_ROOT_CLASS = YES_ERROR;
				CLANG_WARN_SUSPICIOUS_MOVE = YES;
				CLANG_WARN_UNREACHABLE_CODE = YES;
				CLANG_WARN__DUPLICATE_METHOD_MATCH = YES;
				"CODE_SIGN_IDENTITY[sdk=iphoneos*]" = "iPhone Developer";
				COPY_PHASE_STRIP = NO;
				DEBUG_INFORMATION_FORMAT = "dwarf-with-dsym";
				ENABLE_NS_ASSERTIONS = NO;
				ENABLE_STRICT_OBJC_MSGSEND = YES;
				GCC_C_LANGUAGE_STANDARD = gnu99;
				GCC_NO_COMMON_BLOCKS = YES;
				GCC_WARN_64_TO_32_BIT_CONVERSION = YES;
				GCC_WARN_ABOUT_RETURN_TYPE = YES_ERROR;
				GCC_WARN_UNDECLARED_SELECTOR = YES;
				GCC_WARN_UNINITIALIZED_AUTOS = YES_AGGRESSIVE;
				GCC_WARN_UNUSED_FUNCTION = YES;
				GCC_WARN_UNUSED_VARIABLE = YES;
				IPHONEOS_DEPLOYMENT_TARGET = 10.3;
				MTL_ENABLE_DEBUG_INFO = NO;
				SDKROOT = iphoneos;
				SWIFT_OPTIMIZATION_LEVEL = "-Owholemodule";
				TARGETED_DEVICE_FAMILY = "1,2";
				VALIDATE_PRODUCT = YES;
			};
			name = Release;
		};
		7527EE8B1F2CA9340031383A /* Debug */ = {
			isa = XCBuildConfiguration;
			buildSettings = {
				ALWAYS_EMBED_SWIFT_STANDARD_LIBRARIES = YES;
				ASSETCATALOG_COMPILER_APPICON_NAME = AppIcon;
				CODE_SIGN_IDENTITY = "iPhone Developer";
				DEVELOPMENT_TEAM = HWKNWLSN4R;
				INFOPLIST_FILE = Stickeroid/Info.plist;
				LD_RUNPATH_SEARCH_PATHS = "$(inherited) @executable_path/Frameworks";
				PRODUCT_BUNDLE_IDENTIFIER = stickeroid.la4ce.Stickeroid;
				PRODUCT_NAME = "$(TARGET_NAME)";
				SWIFT_SWIFT3_OBJC_INFERENCE = On;
				SWIFT_VERSION = 4.0;
			};
			name = Debug;
		};
		7527EE8C1F2CA9340031383A /* Release */ = {
			isa = XCBuildConfiguration;
			buildSettings = {
				ALWAYS_EMBED_SWIFT_STANDARD_LIBRARIES = YES;
				ASSETCATALOG_COMPILER_APPICON_NAME = AppIcon;
				CODE_SIGN_IDENTITY = "iPhone Developer";
				DEVELOPMENT_TEAM = HWKNWLSN4R;
				INFOPLIST_FILE = Stickeroid/Info.plist;
				LD_RUNPATH_SEARCH_PATHS = "$(inherited) @executable_path/Frameworks";
				PRODUCT_BUNDLE_IDENTIFIER = stickeroid.la4ce.Stickeroid;
				PRODUCT_NAME = "$(TARGET_NAME)";
				SWIFT_SWIFT3_OBJC_INFERENCE = On;
				SWIFT_VERSION = 4.0;
			};
			name = Release;
		};
		754B44CC204F24F50004885F /* Debug */ = {
			isa = XCBuildConfiguration;
			buildSettings = {
				CLANG_CXX_LANGUAGE_STANDARD = "gnu++14";
				CLANG_WARN_BLOCK_CAPTURE_AUTORELEASING = YES;
				CLANG_WARN_COMMA = YES;
				CLANG_WARN_NON_LITERAL_NULL_CONVERSION = YES;
				CLANG_WARN_OBJC_LITERAL_CONVERSION = YES;
				CLANG_WARN_RANGE_LOOP_ANALYSIS = YES;
				CLANG_WARN_STRICT_PROTOTYPES = YES;
				CLANG_WARN_UNGUARDED_AVAILABILITY = YES_AGGRESSIVE;
				CODE_SIGN_IDENTITY = "iPhone Developer";
				CODE_SIGN_STYLE = Automatic;
				DEVELOPMENT_TEAM = HWKNWLSN4R;
				GCC_C_LANGUAGE_STANDARD = gnu11;
				INFOPLIST_FILE = StickeroidKeyboard/Info.plist;
				IPHONEOS_DEPLOYMENT_TARGET = 11.2;
				LD_RUNPATH_SEARCH_PATHS = "$(inherited) @executable_path/Frameworks @executable_path/../../Frameworks";
				PRODUCT_BUNDLE_IDENTIFIER = stickeroid.la4ce.Stickeroid.StickeroidKeyboard;
				PRODUCT_NAME = "$(TARGET_NAME)";
				SKIP_INSTALL = YES;
				SWIFT_VERSION = 4.0;
				TARGETED_DEVICE_FAMILY = "1,2";
			};
			name = Debug;
		};
		754B44CD204F24F50004885F /* Release */ = {
			isa = XCBuildConfiguration;
			buildSettings = {
				CLANG_CXX_LANGUAGE_STANDARD = "gnu++14";
				CLANG_WARN_BLOCK_CAPTURE_AUTORELEASING = YES;
				CLANG_WARN_COMMA = YES;
				CLANG_WARN_NON_LITERAL_NULL_CONVERSION = YES;
				CLANG_WARN_OBJC_LITERAL_CONVERSION = YES;
				CLANG_WARN_RANGE_LOOP_ANALYSIS = YES;
				CLANG_WARN_STRICT_PROTOTYPES = YES;
				CLANG_WARN_UNGUARDED_AVAILABILITY = YES_AGGRESSIVE;
				CODE_SIGN_IDENTITY = "iPhone Developer";
				CODE_SIGN_STYLE = Automatic;
				DEVELOPMENT_TEAM = HWKNWLSN4R;
				GCC_C_LANGUAGE_STANDARD = gnu11;
				INFOPLIST_FILE = StickeroidKeyboard/Info.plist;
				IPHONEOS_DEPLOYMENT_TARGET = 11.2;
				LD_RUNPATH_SEARCH_PATHS = "$(inherited) @executable_path/Frameworks @executable_path/../../Frameworks";
				PRODUCT_BUNDLE_IDENTIFIER = stickeroid.la4ce.Stickeroid.StickeroidKeyboard;
				PRODUCT_NAME = "$(TARGET_NAME)";
				SKIP_INSTALL = YES;
				SWIFT_VERSION = 4.0;
				TARGETED_DEVICE_FAMILY = "1,2";
			};
			name = Release;
		};
/* End XCBuildConfiguration section */

/* Begin XCConfigurationList section */
		7527EE731F2CA9340031383A /* Build configuration list for PBXProject "Stickeroid" */ = {
			isa = XCConfigurationList;
			buildConfigurations = (
				7527EE881F2CA9340031383A /* Debug */,
				7527EE891F2CA9340031383A /* Release */,
			);
			defaultConfigurationIsVisible = 0;
			defaultConfigurationName = Release;
		};
		7527EE8A1F2CA9340031383A /* Build configuration list for PBXNativeTarget "Stickeroid" */ = {
			isa = XCConfigurationList;
			buildConfigurations = (
				7527EE8B1F2CA9340031383A /* Debug */,
				7527EE8C1F2CA9340031383A /* Release */,
			);
			defaultConfigurationIsVisible = 0;
			defaultConfigurationName = Release;
		};
		754B44CE204F24F50004885F /* Build configuration list for PBXNativeTarget "StickeroidKeyboard" */ = {
			isa = XCConfigurationList;
			buildConfigurations = (
				754B44CC204F24F50004885F /* Debug */,
				754B44CD204F24F50004885F /* Release */,
			);
			defaultConfigurationIsVisible = 0;
			defaultConfigurationName = Release;
		};
/* End XCConfigurationList section */
	};
	rootObject = 7527EE701F2CA9340031383A /* Project object */;
}
